// !$*UTF8*$!
{
	archiveVersion = 1;
	classes = {
	};
	objectVersion = 48;
	objects = {

/* Begin PBXBuildFile section */
		9C005DEE211C29520039DBA7 /* GoogleService-Info.plist in Resources */ = {isa = PBXBuildFile; fileRef = 9C005DED211C29520039DBA7 /* GoogleService-Info.plist */; };
		9C04BDB820C1756B00071802 /* StartAppPresenter.swift in Sources */ = {isa = PBXBuildFile; fileRef = 9C04BDB720C1756B00071802 /* StartAppPresenter.swift */; };
		9C04BDBA20C175DD00071802 /* BasePresenter.swift in Sources */ = {isa = PBXBuildFile; fileRef = 9C04BDB920C175DD00071802 /* BasePresenter.swift */; };
		9C04BDBC20C176C900071802 /* ScreenError.swift in Sources */ = {isa = PBXBuildFile; fileRef = 9C04BDBB20C176C900071802 /* ScreenError.swift */; };
		9C04BDBE20C177D500071802 /* BaseRouter.swift in Sources */ = {isa = PBXBuildFile; fileRef = 9C04BDBD20C177D500071802 /* BaseRouter.swift */; };
		9C07BEF921231F1F00EB1995 /* ExtensionPresenter.swift in Sources */ = {isa = PBXBuildFile; fileRef = 9C07BEF821231F1F00EB1995 /* ExtensionPresenter.swift */; };
		9C07BEFC2123211C00EB1995 /* HistoetModel.swift in Sources */ = {isa = PBXBuildFile; fileRef = 9C07BEFB2123211C00EB1995 /* HistoetModel.swift */; };
		9C08F48620C1A1C4007E931B /* Transfer.storyboard in Resources */ = {isa = PBXBuildFile; fileRef = 9C08F48520C1A1C4007E931B /* Transfer.storyboard */; };
		9C08F48B20C1A1FB007E931B /* TransferVC.swift in Sources */ = {isa = PBXBuildFile; fileRef = 9C08F48A20C1A1FB007E931B /* TransferVC.swift */; };
		9C08F48D20C1A24F007E931B /* TransferPresenter.swift in Sources */ = {isa = PBXBuildFile; fileRef = 9C08F48C20C1A24F007E931B /* TransferPresenter.swift */; };
		9C08F48F20C1A45C007E931B /* StartAppRouter.swift in Sources */ = {isa = PBXBuildFile; fileRef = 9C08F48E20C1A45C007E931B /* StartAppRouter.swift */; };
		9C0EFD4C20C599DC00C556D7 /* Kanit-ExtraLight.ttf in Resources */ = {isa = PBXBuildFile; fileRef = 9C0EFD3920C599DC00C556D7 /* Kanit-ExtraLight.ttf */; };
		9C0EFD4D20C599DC00C556D7 /* Kanit-ThinItalic.ttf in Resources */ = {isa = PBXBuildFile; fileRef = 9C0EFD3A20C599DC00C556D7 /* Kanit-ThinItalic.ttf */; };
		9C0EFD4E20C599DC00C556D7 /* Kanit-BoldItalic.ttf in Resources */ = {isa = PBXBuildFile; fileRef = 9C0EFD3B20C599DC00C556D7 /* Kanit-BoldItalic.ttf */; };
		9C0EFD4F20C599DC00C556D7 /* Kanit-SemiBold.ttf in Resources */ = {isa = PBXBuildFile; fileRef = 9C0EFD3C20C599DC00C556D7 /* Kanit-SemiBold.ttf */; };
		9C0EFD5020C599DC00C556D7 /* Kanit-Black.ttf in Resources */ = {isa = PBXBuildFile; fileRef = 9C0EFD3D20C599DC00C556D7 /* Kanit-Black.ttf */; };
		9C0EFD5120C599DC00C556D7 /* Kanit-Regular.ttf in Resources */ = {isa = PBXBuildFile; fileRef = 9C0EFD3E20C599DC00C556D7 /* Kanit-Regular.ttf */; };
		9C0EFD5220C599DC00C556D7 /* Kanit-Italic.ttf in Resources */ = {isa = PBXBuildFile; fileRef = 9C0EFD3F20C599DC00C556D7 /* Kanit-Italic.ttf */; };
		9C0EFD5320C599DC00C556D7 /* Kanit-MediumItalic.ttf in Resources */ = {isa = PBXBuildFile; fileRef = 9C0EFD4020C599DC00C556D7 /* Kanit-MediumItalic.ttf */; };
		9C0EFD5420C599DC00C556D7 /* Kanit-Thin.ttf in Resources */ = {isa = PBXBuildFile; fileRef = 9C0EFD4120C599DC00C556D7 /* Kanit-Thin.ttf */; };
		9C0EFD5520C599DC00C556D7 /* Kanit-ExtraBoldItalic.ttf in Resources */ = {isa = PBXBuildFile; fileRef = 9C0EFD4220C599DC00C556D7 /* Kanit-ExtraBoldItalic.ttf */; };
		9C0EFD5620C599DC00C556D7 /* Kanit-ExtraBold.ttf in Resources */ = {isa = PBXBuildFile; fileRef = 9C0EFD4320C599DC00C556D7 /* Kanit-ExtraBold.ttf */; };
		9C0EFD5720C599DC00C556D7 /* Kanit-Bold.ttf in Resources */ = {isa = PBXBuildFile; fileRef = 9C0EFD4420C599DC00C556D7 /* Kanit-Bold.ttf */; };
		9C0EFD5820C599DC00C556D7 /* Kanit-SemiBoldItalic.ttf in Resources */ = {isa = PBXBuildFile; fileRef = 9C0EFD4520C599DC00C556D7 /* Kanit-SemiBoldItalic.ttf */; };
		9C0EFD5920C599DC00C556D7 /* OFL.txt in Resources */ = {isa = PBXBuildFile; fileRef = 9C0EFD4620C599DC00C556D7 /* OFL.txt */; };
		9C0EFD5A20C599DC00C556D7 /* Kanit-BlackItalic.ttf in Resources */ = {isa = PBXBuildFile; fileRef = 9C0EFD4720C599DC00C556D7 /* Kanit-BlackItalic.ttf */; };
		9C0EFD5B20C599DC00C556D7 /* Kanit-Light.ttf in Resources */ = {isa = PBXBuildFile; fileRef = 9C0EFD4820C599DC00C556D7 /* Kanit-Light.ttf */; };
		9C0EFD5C20C599DC00C556D7 /* Kanit-LightItalic.ttf in Resources */ = {isa = PBXBuildFile; fileRef = 9C0EFD4920C599DC00C556D7 /* Kanit-LightItalic.ttf */; };
		9C0EFD5D20C599DC00C556D7 /* Kanit-ExtraLightItalic.ttf in Resources */ = {isa = PBXBuildFile; fileRef = 9C0EFD4A20C599DC00C556D7 /* Kanit-ExtraLightItalic.ttf */; };
		9C0EFD5E20C599DC00C556D7 /* Kanit-Medium.ttf in Resources */ = {isa = PBXBuildFile; fileRef = 9C0EFD4B20C599DC00C556D7 /* Kanit-Medium.ttf */; };
		9C12D4BF2122BA5D00F91CB5 /* InsertModel.swift in Sources */ = {isa = PBXBuildFile; fileRef = 9C12D4BE2122BA5D00F91CB5 /* InsertModel.swift */; };
		9C14669C2121400D0006C3E7 /* DateFormatComponent.swift in Sources */ = {isa = PBXBuildFile; fileRef = 9C14669B2121400D0006C3E7 /* DateFormatComponent.swift */; };
		9C1466A22121AD040006C3E7 /* Slip.storyboard in Resources */ = {isa = PBXBuildFile; fileRef = 9C1466A12121AD040006C3E7 /* Slip.storyboard */; };
		9C1466A42121AD120006C3E7 /* SlipVC.swift in Sources */ = {isa = PBXBuildFile; fileRef = 9C1466A32121AD120006C3E7 /* SlipVC.swift */; };
		9C27FA8520CD2AFE000257EE /* CreateTransferPresenter.swift in Sources */ = {isa = PBXBuildFile; fileRef = 9C27FA8420CD2AFE000257EE /* CreateTransferPresenter.swift */; };
		9C27FA8720CD2BB1000257EE /* CreateTransferRouter.swift in Sources */ = {isa = PBXBuildFile; fileRef = 9C27FA8620CD2BB1000257EE /* CreateTransferRouter.swift */; };
		9C5E8FCE20C13C86004BFC63 /* AppDelegate.swift in Sources */ = {isa = PBXBuildFile; fileRef = 9C5E8FCD20C13C86004BFC63 /* AppDelegate.swift */; };
		9C5E8FD020C13C86004BFC63 /* StartApp.swift in Sources */ = {isa = PBXBuildFile; fileRef = 9C5E8FCF20C13C86004BFC63 /* StartApp.swift */; };
		9C5E8FD320C13C86004BFC63 /* StartApp.storyboard in Resources */ = {isa = PBXBuildFile; fileRef = 9C5E8FD120C13C86004BFC63 /* StartApp.storyboard */; };
		9C5E8FD520C13C86004BFC63 /* Assets.xcassets in Resources */ = {isa = PBXBuildFile; fileRef = 9C5E8FD420C13C86004BFC63 /* Assets.xcassets */; };
		9C5E8FD820C13C86004BFC63 /* LaunchScreen.storyboard in Resources */ = {isa = PBXBuildFile; fileRef = 9C5E8FD620C13C86004BFC63 /* LaunchScreen.storyboard */; };
		9C5E8FE020C148B7004BFC63 /* CornerView.swift in Sources */ = {isa = PBXBuildFile; fileRef = 9C5E8FDF20C148B7004BFC63 /* CornerView.swift */; };
		9C5E8FE420C14ED8004BFC63 /* CornerButton.swift in Sources */ = {isa = PBXBuildFile; fileRef = 9C5E8FE320C14ED8004BFC63 /* CornerButton.swift */; };
		9C5E8FEF20C15348004BFC63 /* History.storyboard in Resources */ = {isa = PBXBuildFile; fileRef = 9C5E8FEE20C15348004BFC63 /* History.storyboard */; };
		9C5E8FF120C1538A004BFC63 /* HistoryVC.swift in Sources */ = {isa = PBXBuildFile; fileRef = 9C5E8FF020C1538A004BFC63 /* HistoryVC.swift */; };
		9C5E8FF320C1542C004BFC63 /* BaseClass.swift in Sources */ = {isa = PBXBuildFile; fileRef = 9C5E8FF220C1542C004BFC63 /* BaseClass.swift */; };
		9C5E8FF820C154C1004BFC63 /* BaseXibView.swift in Sources */ = {isa = PBXBuildFile; fileRef = 9C5E8FF720C154C1004BFC63 /* BaseXibView.swift */; };
		9C5E8FFA20C154EE004BFC63 /* Alert.swift in Sources */ = {isa = PBXBuildFile; fileRef = 9C5E8FF920C154EE004BFC63 /* Alert.swift */; };
		9C5E8FFD20C1553B004BFC63 /* UiApplication.swift in Sources */ = {isa = PBXBuildFile; fileRef = 9C5E8FFC20C1553B004BFC63 /* UiApplication.swift */; };
		9C5E8FFF20C1556A004BFC63 /* Font.swift in Sources */ = {isa = PBXBuildFile; fileRef = 9C5E8FFE20C1556A004BFC63 /* Font.swift */; };
		9C5E900120C1558B004BFC63 /* VC.swift in Sources */ = {isa = PBXBuildFile; fileRef = 9C5E900020C1558B004BFC63 /* VC.swift */; };
		9C5E900520C15A6E004BFC63 /* LoadingXibView.xib in Resources */ = {isa = PBXBuildFile; fileRef = 9C5E900420C15A6E004BFC63 /* LoadingXibView.xib */; };
		9C5E900720C15AB5004BFC63 /* LoadingXibView.swift in Sources */ = {isa = PBXBuildFile; fileRef = 9C5E900620C15AB5004BFC63 /* LoadingXibView.swift */; };
		9C61E30320C4DC8E00908D95 /* HistoryPresenter.swift in Sources */ = {isa = PBXBuildFile; fileRef = 9C61E30220C4DC8E00908D95 /* HistoryPresenter.swift */; };
		9C61E30520C4DEC600908D95 /* TransferRouter.swift in Sources */ = {isa = PBXBuildFile; fileRef = 9C61E30420C4DEC600908D95 /* TransferRouter.swift */; };
		9C61E30720C4DF2500908D95 /* HistoryRouter.swift in Sources */ = {isa = PBXBuildFile; fileRef = 9C61E30620C4DF2500908D95 /* HistoryRouter.swift */; };
		9C61E30920C4E1BF00908D95 /* ListTransferCell.swift in Sources */ = {isa = PBXBuildFile; fileRef = 9C61E30820C4E1BF00908D95 /* ListTransferCell.swift */; };
		9C61E30C20C4E32C00908D95 /* DesignTableViewCell.swift in Sources */ = {isa = PBXBuildFile; fileRef = 9C61E30B20C4E32C00908D95 /* DesignTableViewCell.swift */; };
		9C61E30E20C4E6F000908D95 /* GetImageTransferVC.swift in Sources */ = {isa = PBXBuildFile; fileRef = 9C61E30D20C4E6F000908D95 /* GetImageTransferVC.swift */; };
		9C61E31420C5224900908D95 /* CreateTransferVC.swift in Sources */ = {isa = PBXBuildFile; fileRef = 9C61E31320C5224900908D95 /* CreateTransferVC.swift */; };
		9C61E31620C549F400908D95 /* CreateTransfer.storyboard in Resources */ = {isa = PBXBuildFile; fileRef = 9C61E31520C549F400908D95 /* CreateTransfer.storyboard */; };
		9C61E31B20C5532F00908D95 /* SplashScreen.swift in Sources */ = {isa = PBXBuildFile; fileRef = 9C61E31A20C5532F00908D95 /* SplashScreen.swift */; };
		9C61E31D20C555FD00908D95 /* SplashScreen.storyboard in Resources */ = {isa = PBXBuildFile; fileRef = 9C61E31C20C555FD00908D95 /* SplashScreen.storyboard */; };
		9C61E31F20C5566800908D95 /* SplashScreenPresenter.swift in Sources */ = {isa = PBXBuildFile; fileRef = 9C61E31E20C5566800908D95 /* SplashScreenPresenter.swift */; };
		9CC86A8D211EF5C1000B2356 /* CornerUiView.swift in Sources */ = {isa = PBXBuildFile; fileRef = 9CC86A8C211EF5C1000B2356 /* CornerUiView.swift */; };
		9CC86A8F211F2F15000B2356 /* Color.swift in Sources */ = {isa = PBXBuildFile; fileRef = 9CC86A8E211F2F15000B2356 /* Color.swift */; };
		9CC86A9121204C12000B2356 /* SubmitButtonView.swift in Sources */ = {isa = PBXBuildFile; fileRef = 9CC86A9021204C12000B2356 /* SubmitButtonView.swift */; };
		9CC86A9321204C1A000B2356 /* SubmitButtonKeyboardView.xib in Resources */ = {isa = PBXBuildFile; fileRef = 9CC86A9221204C1A000B2356 /* SubmitButtonKeyboardView.xib */; };
		9CC86A9521204F73000B2356 /* ExtensionCreateTransfer.swift in Sources */ = {isa = PBXBuildFile; fileRef = 9CC86A9421204F73000B2356 /* ExtensionCreateTransfer.swift */; };
		CE08BC3892B56ACE043D9EBC /* Pods_SavingMoney.framework in Frameworks */ = {isa = PBXBuildFile; fileRef = F65724595505FE7CFE304B85 /* Pods_SavingMoney.framework */; };
/* End PBXBuildFile section */

/* Begin PBXFileReference section */
		738D03E4C1DCF568B725E039 /* Pods-SavingMoney.debug.xcconfig */ = {isa = PBXFileReference; includeInIndex = 1; lastKnownFileType = text.xcconfig; name = "Pods-SavingMoney.debug.xcconfig"; path = "Pods/Target Support Files/Pods-SavingMoney/Pods-SavingMoney.debug.xcconfig"; sourceTree = "<group>"; };
		741668BB3016416278A2693E /* Pods-SavingMoney.release.xcconfig */ = {isa = PBXFileReference; includeInIndex = 1; lastKnownFileType = text.xcconfig; name = "Pods-SavingMoney.release.xcconfig"; path = "Pods/Target Support Files/Pods-SavingMoney/Pods-SavingMoney.release.xcconfig"; sourceTree = "<group>"; };
		9C005DED211C29520039DBA7 /* GoogleService-Info.plist */ = {isa = PBXFileReference; fileEncoding = 4; lastKnownFileType = text.plist.xml; path = "GoogleService-Info.plist"; sourceTree = "<group>"; };
		9C04BDB720C1756B00071802 /* StartAppPresenter.swift */ = {isa = PBXFileReference; lastKnownFileType = sourcecode.swift; path = StartAppPresenter.swift; sourceTree = "<group>"; };
		9C04BDB920C175DD00071802 /* BasePresenter.swift */ = {isa = PBXFileReference; lastKnownFileType = sourcecode.swift; path = BasePresenter.swift; sourceTree = "<group>"; };
		9C04BDBB20C176C900071802 /* ScreenError.swift */ = {isa = PBXFileReference; lastKnownFileType = sourcecode.swift; path = ScreenError.swift; sourceTree = "<group>"; };
		9C04BDBD20C177D500071802 /* BaseRouter.swift */ = {isa = PBXFileReference; lastKnownFileType = sourcecode.swift; path = BaseRouter.swift; sourceTree = "<group>"; };
		9C07BEF821231F1F00EB1995 /* ExtensionPresenter.swift */ = {isa = PBXFileReference; lastKnownFileType = sourcecode.swift; path = ExtensionPresenter.swift; sourceTree = "<group>"; };
		9C07BEFB2123211C00EB1995 /* HistoetModel.swift */ = {isa = PBXFileReference; lastKnownFileType = sourcecode.swift; path = HistoetModel.swift; sourceTree = "<group>"; };
		9C08F48520C1A1C4007E931B /* Transfer.storyboard */ = {isa = PBXFileReference; lastKnownFileType = file.storyboard; path = Transfer.storyboard; sourceTree = "<group>"; };
		9C08F48A20C1A1FB007E931B /* TransferVC.swift */ = {isa = PBXFileReference; lastKnownFileType = sourcecode.swift; path = TransferVC.swift; sourceTree = "<group>"; };
		9C08F48C20C1A24F007E931B /* TransferPresenter.swift */ = {isa = PBXFileReference; lastKnownFileType = sourcecode.swift; path = TransferPresenter.swift; sourceTree = "<group>"; };
		9C08F48E20C1A45C007E931B /* StartAppRouter.swift */ = {isa = PBXFileReference; lastKnownFileType = sourcecode.swift; path = StartAppRouter.swift; sourceTree = "<group>"; };
		9C0EFD3920C599DC00C556D7 /* Kanit-ExtraLight.ttf */ = {isa = PBXFileReference; lastKnownFileType = file; path = "Kanit-ExtraLight.ttf"; sourceTree = "<group>"; };
		9C0EFD3A20C599DC00C556D7 /* Kanit-ThinItalic.ttf */ = {isa = PBXFileReference; lastKnownFileType = file; path = "Kanit-ThinItalic.ttf"; sourceTree = "<group>"; };
		9C0EFD3B20C599DC00C556D7 /* Kanit-BoldItalic.ttf */ = {isa = PBXFileReference; lastKnownFileType = file; path = "Kanit-BoldItalic.ttf"; sourceTree = "<group>"; };
		9C0EFD3C20C599DC00C556D7 /* Kanit-SemiBold.ttf */ = {isa = PBXFileReference; lastKnownFileType = file; path = "Kanit-SemiBold.ttf"; sourceTree = "<group>"; };
		9C0EFD3D20C599DC00C556D7 /* Kanit-Black.ttf */ = {isa = PBXFileReference; lastKnownFileType = file; path = "Kanit-Black.ttf"; sourceTree = "<group>"; };
		9C0EFD3E20C599DC00C556D7 /* Kanit-Regular.ttf */ = {isa = PBXFileReference; lastKnownFileType = file; path = "Kanit-Regular.ttf"; sourceTree = "<group>"; };
		9C0EFD3F20C599DC00C556D7 /* Kanit-Italic.ttf */ = {isa = PBXFileReference; lastKnownFileType = file; path = "Kanit-Italic.ttf"; sourceTree = "<group>"; };
		9C0EFD4020C599DC00C556D7 /* Kanit-MediumItalic.ttf */ = {isa = PBXFileReference; lastKnownFileType = file; path = "Kanit-MediumItalic.ttf"; sourceTree = "<group>"; };
		9C0EFD4120C599DC00C556D7 /* Kanit-Thin.ttf */ = {isa = PBXFileReference; lastKnownFileType = file; path = "Kanit-Thin.ttf"; sourceTree = "<group>"; };
		9C0EFD4220C599DC00C556D7 /* Kanit-ExtraBoldItalic.ttf */ = {isa = PBXFileReference; lastKnownFileType = file; path = "Kanit-ExtraBoldItalic.ttf"; sourceTree = "<group>"; };
		9C0EFD4320C599DC00C556D7 /* Kanit-ExtraBold.ttf */ = {isa = PBXFileReference; lastKnownFileType = file; path = "Kanit-ExtraBold.ttf"; sourceTree = "<group>"; };
		9C0EFD4420C599DC00C556D7 /* Kanit-Bold.ttf */ = {isa = PBXFileReference; lastKnownFileType = file; path = "Kanit-Bold.ttf"; sourceTree = "<group>"; };
		9C0EFD4520C599DC00C556D7 /* Kanit-SemiBoldItalic.ttf */ = {isa = PBXFileReference; lastKnownFileType = file; path = "Kanit-SemiBoldItalic.ttf"; sourceTree = "<group>"; };
		9C0EFD4620C599DC00C556D7 /* OFL.txt */ = {isa = PBXFileReference; fileEncoding = 4; lastKnownFileType = text; path = OFL.txt; sourceTree = "<group>"; };
		9C0EFD4720C599DC00C556D7 /* Kanit-BlackItalic.ttf */ = {isa = PBXFileReference; lastKnownFileType = file; path = "Kanit-BlackItalic.ttf"; sourceTree = "<group>"; };
		9C0EFD4820C599DC00C556D7 /* Kanit-Light.ttf */ = {isa = PBXFileReference; lastKnownFileType = file; path = "Kanit-Light.ttf"; sourceTree = "<group>"; };
		9C0EFD4920C599DC00C556D7 /* Kanit-LightItalic.ttf */ = {isa = PBXFileReference; lastKnownFileType = file; path = "Kanit-LightItalic.ttf"; sourceTree = "<group>"; };
		9C0EFD4A20C599DC00C556D7 /* Kanit-ExtraLightItalic.ttf */ = {isa = PBXFileReference; lastKnownFileType = file; path = "Kanit-ExtraLightItalic.ttf"; sourceTree = "<group>"; };
		9C0EFD4B20C599DC00C556D7 /* Kanit-Medium.ttf */ = {isa = PBXFileReference; lastKnownFileType = file; path = "Kanit-Medium.ttf"; sourceTree = "<group>"; };
		9C12D4BE2122BA5D00F91CB5 /* InsertModel.swift */ = {isa = PBXFileReference; lastKnownFileType = sourcecode.swift; path = InsertModel.swift; sourceTree = "<group>"; };
		9C14669B2121400D0006C3E7 /* DateFormatComponent.swift */ = {isa = PBXFileReference; fileEncoding = 4; lastKnownFileType = sourcecode.swift; path = DateFormatComponent.swift; sourceTree = "<group>"; };
		9C1466A12121AD040006C3E7 /* Slip.storyboard */ = {isa = PBXFileReference; lastKnownFileType = file.storyboard; path = Slip.storyboard; sourceTree = "<group>"; };
		9C1466A32121AD120006C3E7 /* SlipVC.swift */ = {isa = PBXFileReference; lastKnownFileType = sourcecode.swift; path = SlipVC.swift; sourceTree = "<group>"; };
		9C27FA8420CD2AFE000257EE /* CreateTransferPresenter.swift */ = {isa = PBXFileReference; lastKnownFileType = sourcecode.swift; path = CreateTransferPresenter.swift; sourceTree = "<group>"; };
		9C27FA8620CD2BB1000257EE /* CreateTransferRouter.swift */ = {isa = PBXFileReference; lastKnownFileType = sourcecode.swift; path = CreateTransferRouter.swift; sourceTree = "<group>"; };
		9C5E8FCA20C13C86004BFC63 /* SavingMoney.app */ = {isa = PBXFileReference; explicitFileType = wrapper.application; includeInIndex = 0; path = SavingMoney.app; sourceTree = BUILT_PRODUCTS_DIR; };
		9C5E8FCD20C13C86004BFC63 /* AppDelegate.swift */ = {isa = PBXFileReference; lastKnownFileType = sourcecode.swift; path = AppDelegate.swift; sourceTree = "<group>"; };
		9C5E8FCF20C13C86004BFC63 /* StartApp.swift */ = {isa = PBXFileReference; lastKnownFileType = sourcecode.swift; path = StartApp.swift; sourceTree = "<group>"; };
		9C5E8FD220C13C86004BFC63 /* Base */ = {isa = PBXFileReference; lastKnownFileType = file.storyboard; name = Base; path = Base.lproj/StartApp.storyboard; sourceTree = "<group>"; };
		9C5E8FD420C13C86004BFC63 /* Assets.xcassets */ = {isa = PBXFileReference; lastKnownFileType = folder.assetcatalog; path = Assets.xcassets; sourceTree = "<group>"; };
		9C5E8FD720C13C86004BFC63 /* Base */ = {isa = PBXFileReference; lastKnownFileType = file.storyboard; name = Base; path = Base.lproj/LaunchScreen.storyboard; sourceTree = "<group>"; };
		9C5E8FD920C13C86004BFC63 /* Info.plist */ = {isa = PBXFileReference; lastKnownFileType = text.plist.xml; path = Info.plist; sourceTree = "<group>"; };
		9C5E8FDF20C148B7004BFC63 /* CornerView.swift */ = {isa = PBXFileReference; lastKnownFileType = sourcecode.swift; path = CornerView.swift; sourceTree = "<group>"; };
		9C5E8FE320C14ED8004BFC63 /* CornerButton.swift */ = {isa = PBXFileReference; lastKnownFileType = sourcecode.swift; path = CornerButton.swift; sourceTree = "<group>"; };
		9C5E8FEE20C15348004BFC63 /* History.storyboard */ = {isa = PBXFileReference; lastKnownFileType = file.storyboard; path = History.storyboard; sourceTree = "<group>"; };
		9C5E8FF020C1538A004BFC63 /* HistoryVC.swift */ = {isa = PBXFileReference; lastKnownFileType = sourcecode.swift; path = HistoryVC.swift; sourceTree = "<group>"; };
		9C5E8FF220C1542C004BFC63 /* BaseClass.swift */ = {isa = PBXFileReference; lastKnownFileType = sourcecode.swift; path = BaseClass.swift; sourceTree = "<group>"; };
		9C5E8FF720C154C1004BFC63 /* BaseXibView.swift */ = {isa = PBXFileReference; lastKnownFileType = sourcecode.swift; path = BaseXibView.swift; sourceTree = "<group>"; };
		9C5E8FF920C154EE004BFC63 /* Alert.swift */ = {isa = PBXFileReference; lastKnownFileType = sourcecode.swift; path = Alert.swift; sourceTree = "<group>"; };
		9C5E8FFC20C1553B004BFC63 /* UiApplication.swift */ = {isa = PBXFileReference; lastKnownFileType = sourcecode.swift; path = UiApplication.swift; sourceTree = "<group>"; };
		9C5E8FFE20C1556A004BFC63 /* Font.swift */ = {isa = PBXFileReference; lastKnownFileType = sourcecode.swift; path = Font.swift; sourceTree = "<group>"; };
		9C5E900020C1558B004BFC63 /* VC.swift */ = {isa = PBXFileReference; lastKnownFileType = sourcecode.swift; path = VC.swift; sourceTree = "<group>"; };
		9C5E900420C15A6E004BFC63 /* LoadingXibView.xib */ = {isa = PBXFileReference; lastKnownFileType = file.xib; path = LoadingXibView.xib; sourceTree = "<group>"; };
		9C5E900620C15AB5004BFC63 /* LoadingXibView.swift */ = {isa = PBXFileReference; lastKnownFileType = sourcecode.swift; path = LoadingXibView.swift; sourceTree = "<group>"; };
		9C61E30220C4DC8E00908D95 /* HistoryPresenter.swift */ = {isa = PBXFileReference; lastKnownFileType = sourcecode.swift; path = HistoryPresenter.swift; sourceTree = "<group>"; };
		9C61E30420C4DEC600908D95 /* TransferRouter.swift */ = {isa = PBXFileReference; lastKnownFileType = sourcecode.swift; path = TransferRouter.swift; sourceTree = "<group>"; };
		9C61E30620C4DF2500908D95 /* HistoryRouter.swift */ = {isa = PBXFileReference; lastKnownFileType = sourcecode.swift; path = HistoryRouter.swift; sourceTree = "<group>"; };
		9C61E30820C4E1BF00908D95 /* ListTransferCell.swift */ = {isa = PBXFileReference; lastKnownFileType = sourcecode.swift; path = ListTransferCell.swift; sourceTree = "<group>"; };
		9C61E30B20C4E32C00908D95 /* DesignTableViewCell.swift */ = {isa = PBXFileReference; lastKnownFileType = sourcecode.swift; path = DesignTableViewCell.swift; sourceTree = "<group>"; };
		9C61E30D20C4E6F000908D95 /* GetImageTransferVC.swift */ = {isa = PBXFileReference; lastKnownFileType = sourcecode.swift; path = GetImageTransferVC.swift; sourceTree = "<group>"; };
		9C61E31320C5224900908D95 /* CreateTransferVC.swift */ = {isa = PBXFileReference; lastKnownFileType = sourcecode.swift; path = CreateTransferVC.swift; sourceTree = "<group>"; };
		9C61E31520C549F400908D95 /* CreateTransfer.storyboard */ = {isa = PBXFileReference; lastKnownFileType = file.storyboard; path = CreateTransfer.storyboard; sourceTree = "<group>"; };
		9C61E31A20C5532F00908D95 /* SplashScreen.swift */ = {isa = PBXFileReference; lastKnownFileType = sourcecode.swift; path = SplashScreen.swift; sourceTree = "<group>"; };
		9C61E31C20C555FD00908D95 /* SplashScreen.storyboard */ = {isa = PBXFileReference; lastKnownFileType = file.storyboard; path = SplashScreen.storyboard; sourceTree = "<group>"; };
		9C61E31E20C5566800908D95 /* SplashScreenPresenter.swift */ = {isa = PBXFileReference; lastKnownFileType = sourcecode.swift; path = SplashScreenPresenter.swift; sourceTree = "<group>"; };
		9CC86A8C211EF5C1000B2356 /* CornerUiView.swift */ = {isa = PBXFileReference; lastKnownFileType = sourcecode.swift; path = CornerUiView.swift; sourceTree = "<group>"; };
		9CC86A8E211F2F15000B2356 /* Color.swift */ = {isa = PBXFileReference; lastKnownFileType = sourcecode.swift; path = Color.swift; sourceTree = "<group>"; };
		9CC86A9021204C12000B2356 /* SubmitButtonView.swift */ = {isa = PBXFileReference; fileEncoding = 4; lastKnownFileType = sourcecode.swift; path = SubmitButtonView.swift; sourceTree = "<group>"; };
		9CC86A9221204C1A000B2356 /* SubmitButtonKeyboardView.xib */ = {isa = PBXFileReference; fileEncoding = 4; lastKnownFileType = file.xib; path = SubmitButtonKeyboardView.xib; sourceTree = "<group>"; };
		9CC86A9421204F73000B2356 /* ExtensionCreateTransfer.swift */ = {isa = PBXFileReference; lastKnownFileType = sourcecode.swift; path = ExtensionCreateTransfer.swift; sourceTree = "<group>"; };
		F65724595505FE7CFE304B85 /* Pods_SavingMoney.framework */ = {isa = PBXFileReference; explicitFileType = wrapper.framework; includeInIndex = 0; path = Pods_SavingMoney.framework; sourceTree = BUILT_PRODUCTS_DIR; };
/* End PBXFileReference section */

/* Begin PBXFrameworksBuildPhase section */
		9C5E8FC720C13C86004BFC63 /* Frameworks */ = {
			isa = PBXFrameworksBuildPhase;
			buildActionMask = 2147483647;
			files = (
				CE08BC3892B56ACE043D9EBC /* Pods_SavingMoney.framework in Frameworks */,
			);
			runOnlyForDeploymentPostprocessing = 0;
		};
/* End PBXFrameworksBuildPhase section */

/* Begin PBXGroup section */
		46054F77C909674F96953564 /* Pods */ = {
			isa = PBXGroup;
			children = (
				738D03E4C1DCF568B725E039 /* Pods-SavingMoney.debug.xcconfig */,
				741668BB3016416278A2693E /* Pods-SavingMoney.release.xcconfig */,
			);
			name = Pods;
			sourceTree = "<group>";
		};
		9C04BDB620C1755500071802 /* Presenter */ = {
			isa = PBXGroup;
			children = (
				9C04BDB720C1756B00071802 /* StartAppPresenter.swift */,
			);
			path = Presenter;
			sourceTree = "<group>";
		};
		9C07BEFA212320EA00EB1995 /* Model */ = {
			isa = PBXGroup;
			children = (
				9C07BEFB2123211C00EB1995 /* HistoetModel.swift */,
			);
			path = Model;
			sourceTree = "<group>";
		};
		9C08F48420C1A19D007E931B /* Transfer */ = {
			isa = PBXGroup;
			children = (
				9C61E30A20C4E2F800908D95 /* DesignTableView */,
				9C08F48920C1A1D5007E931B /* Router */,
				9C08F48820C1A1CF007E931B /* Presenter */,
				9C08F48720C1A1C8007E931B /* VC */,
				9C08F48520C1A1C4007E931B /* Transfer.storyboard */,
			);
			path = Transfer;
			sourceTree = "<group>";
		};
		9C08F48720C1A1C8007E931B /* VC */ = {
			isa = PBXGroup;
			children = (
				9C08F48A20C1A1FB007E931B /* TransferVC.swift */,
				9C61E30820C4E1BF00908D95 /* ListTransferCell.swift */,
				9C61E30D20C4E6F000908D95 /* GetImageTransferVC.swift */,
			);
			path = VC;
			sourceTree = "<group>";
		};
		9C08F48820C1A1CF007E931B /* Presenter */ = {
			isa = PBXGroup;
			children = (
				9C08F48C20C1A24F007E931B /* TransferPresenter.swift */,
			);
			path = Presenter;
			sourceTree = "<group>";
		};
		9C08F48920C1A1D5007E931B /* Router */ = {
			isa = PBXGroup;
			children = (
				9C61E30420C4DEC600908D95 /* TransferRouter.swift */,
			);
			path = Router;
			sourceTree = "<group>";
		};
		9C0EFD3820C599DC00C556D7 /* Fonts */ = {
			isa = PBXGroup;
			children = (
				9C0EFD3920C599DC00C556D7 /* Kanit-ExtraLight.ttf */,
				9C0EFD3A20C599DC00C556D7 /* Kanit-ThinItalic.ttf */,
				9C0EFD3B20C599DC00C556D7 /* Kanit-BoldItalic.ttf */,
				9C0EFD3C20C599DC00C556D7 /* Kanit-SemiBold.ttf */,
				9C0EFD3D20C599DC00C556D7 /* Kanit-Black.ttf */,
				9C0EFD3E20C599DC00C556D7 /* Kanit-Regular.ttf */,
				9C0EFD3F20C599DC00C556D7 /* Kanit-Italic.ttf */,
				9C0EFD4020C599DC00C556D7 /* Kanit-MediumItalic.ttf */,
				9C0EFD4120C599DC00C556D7 /* Kanit-Thin.ttf */,
				9C0EFD4220C599DC00C556D7 /* Kanit-ExtraBoldItalic.ttf */,
				9C0EFD4320C599DC00C556D7 /* Kanit-ExtraBold.ttf */,
				9C0EFD4420C599DC00C556D7 /* Kanit-Bold.ttf */,
				9C0EFD4520C599DC00C556D7 /* Kanit-SemiBoldItalic.ttf */,
				9C0EFD4620C599DC00C556D7 /* OFL.txt */,
				9C0EFD4720C599DC00C556D7 /* Kanit-BlackItalic.ttf */,
				9C0EFD4820C599DC00C556D7 /* Kanit-Light.ttf */,
				9C0EFD4920C599DC00C556D7 /* Kanit-LightItalic.ttf */,
				9C0EFD4A20C599DC00C556D7 /* Kanit-ExtraLightItalic.ttf */,
				9C0EFD4B20C599DC00C556D7 /* Kanit-Medium.ttf */,
			);
			path = Fonts;
			sourceTree = "<group>";
		};
		9C12D4BD2122BA4900F91CB5 /* Model */ = {
			isa = PBXGroup;
			children = (
				9C12D4BE2122BA5D00F91CB5 /* InsertModel.swift */,
			);
			path = Model;
			sourceTree = "<group>";
		};
		9C14669D2121ACD80006C3E7 /* Slip */ = {
			isa = PBXGroup;
			children = (
				9C1466A02121ACF60006C3E7 /* Router */,
				9C14669F2121ACF00006C3E7 /* Presenter */,
				9C14669E2121ACEA0006C3E7 /* VC */,
				9C1466A12121AD040006C3E7 /* Slip.storyboard */,
			);
			path = Slip;
			sourceTree = "<group>";
		};
		9C14669E2121ACEA0006C3E7 /* VC */ = {
			isa = PBXGroup;
			children = (
				9C1466A32121AD120006C3E7 /* SlipVC.swift */,
			);
			path = VC;
			sourceTree = "<group>";
		};
		9C14669F2121ACF00006C3E7 /* Presenter */ = {
			isa = PBXGroup;
			children = (
			);
			path = Presenter;
			sourceTree = "<group>";
		};
		9C1466A02121ACF60006C3E7 /* Router */ = {
			isa = PBXGroup;
			children = (
			);
			path = Router;
			sourceTree = "<group>";
		};
		9C5E8FC120C13C86004BFC63 = {
			isa = PBXGroup;
			children = (
				9C5E8FCC20C13C86004BFC63 /* SavingMoney */,
				9C5E8FCB20C13C86004BFC63 /* Products */,
				46054F77C909674F96953564 /* Pods */,
				AF99E595345A636BB62706A8 /* Frameworks */,
			);
			sourceTree = "<group>";
		};
		9C5E8FCB20C13C86004BFC63 /* Products */ = {
			isa = PBXGroup;
			children = (
				9C5E8FCA20C13C86004BFC63 /* SavingMoney.app */,
			);
			name = Products;
			sourceTree = "<group>";
		};
		9C5E8FCC20C13C86004BFC63 /* SavingMoney */ = {
			isa = PBXGroup;
			children = (
				9C0EFD3820C599DC00C556D7 /* Fonts */,
				9C5E8FFB20C15524004BFC63 /* Extension */,
				9C5E8FF420C1548D004BFC63 /* Base */,
				9C5E8FE620C151CD004BFC63 /* Screen */,
				9C5E8FE520C151AB004BFC63 /* Style */,
				9C5E8FCD20C13C86004BFC63 /* AppDelegate.swift */,
				9C5E8FD420C13C86004BFC63 /* Assets.xcassets */,
				9C5E8FD620C13C86004BFC63 /* LaunchScreen.storyboard */,
				9C5E8FD920C13C86004BFC63 /* Info.plist */,
				9C005DED211C29520039DBA7 /* GoogleService-Info.plist */,
			);
			path = SavingMoney;
			sourceTree = "<group>";
		};
		9C5E8FE520C151AB004BFC63 /* Style */ = {
			isa = PBXGroup;
			children = (
				9C5E8FE320C14ED8004BFC63 /* CornerButton.swift */,
				9C5E8FDF20C148B7004BFC63 /* CornerView.swift */,
				9CC86A8C211EF5C1000B2356 /* CornerUiView.swift */,
			);
			path = Style;
			sourceTree = "<group>";
		};
		9C5E8FE620C151CD004BFC63 /* Screen */ = {
			isa = PBXGroup;
			children = (
				9C14669D2121ACD80006C3E7 /* Slip */,
				9C61E31720C5529A00908D95 /* SplashScreen */,
				9C61E30F20C5221C00908D95 /* CreateTransfer */,
				9C08F48420C1A19D007E931B /* Transfer */,
				9C5E8FEB20C15314004BFC63 /* History */,
				9C5E8FE820C15274004BFC63 /* StartApp */,
			);
			path = Screen;
			sourceTree = "<group>";
		};
		9C5E8FE820C15274004BFC63 /* StartApp */ = {
			isa = PBXGroup;
			children = (
				9C04BDB620C1755500071802 /* Presenter */,
				9C5E8FE920C15289004BFC63 /* VC */,
				9C5E8FEA20C152AD004BFC63 /* Router */,
				9C5E8FD120C13C86004BFC63 /* StartApp.storyboard */,
			);
			path = StartApp;
			sourceTree = "<group>";
		};
		9C5E8FE920C15289004BFC63 /* VC */ = {
			isa = PBXGroup;
			children = (
				9C5E8FCF20C13C86004BFC63 /* StartApp.swift */,
			);
			path = VC;
			sourceTree = "<group>";
		};
		9C5E8FEA20C152AD004BFC63 /* Router */ = {
			isa = PBXGroup;
			children = (
				9C08F48E20C1A45C007E931B /* StartAppRouter.swift */,
			);
			path = Router;
			sourceTree = "<group>";
		};
		9C5E8FEB20C15314004BFC63 /* History */ = {
			isa = PBXGroup;
			children = (
				9C07BEFA212320EA00EB1995 /* Model */,
				9C61E30120C4DC7900908D95 /* Presenter */,
				9C5E8FED20C15328004BFC63 /* Router */,
				9C5E8FEC20C15320004BFC63 /* VC */,
				9C5E8FEE20C15348004BFC63 /* History.storyboard */,
			);
			path = History;
			sourceTree = "<group>";
		};
		9C5E8FEC20C15320004BFC63 /* VC */ = {
			isa = PBXGroup;
			children = (
				9C5E8FF020C1538A004BFC63 /* HistoryVC.swift */,
			);
			path = VC;
			sourceTree = "<group>";
		};
		9C5E8FED20C15328004BFC63 /* Router */ = {
			isa = PBXGroup;
			children = (
				9C61E30620C4DF2500908D95 /* HistoryRouter.swift */,
			);
			path = Router;
			sourceTree = "<group>";
		};
		9C5E8FF420C1548D004BFC63 /* Base */ = {
			isa = PBXGroup;
			children = (
				9C14669B2121400D0006C3E7 /* DateFormatComponent.swift */,
				9C5E8FF220C1542C004BFC63 /* BaseClass.swift */,
				9C5E8FF720C154C1004BFC63 /* BaseXibView.swift */,
				9C5E8FF920C154EE004BFC63 /* Alert.swift */,
				9C5E900420C15A6E004BFC63 /* LoadingXibView.xib */,
				9C5E900620C15AB5004BFC63 /* LoadingXibView.swift */,
				9C04BDB920C175DD00071802 /* BasePresenter.swift */,
				9C04BDBB20C176C900071802 /* ScreenError.swift */,
				9C04BDBD20C177D500071802 /* BaseRouter.swift */,
				9CC86A9021204C12000B2356 /* SubmitButtonView.swift */,
				9CC86A9221204C1A000B2356 /* SubmitButtonKeyboardView.xib */,
				9C07BEF821231F1F00EB1995 /* ExtensionPresenter.swift */,
			);
			path = Base;
			sourceTree = "<group>";
		};
		9C5E8FFB20C15524004BFC63 /* Extension */ = {
			isa = PBXGroup;
			children = (
				9C5E8FFC20C1553B004BFC63 /* UiApplication.swift */,
				9C5E8FFE20C1556A004BFC63 /* Font.swift */,
				9C5E900020C1558B004BFC63 /* VC.swift */,
				9CC86A8E211F2F15000B2356 /* Color.swift */,
			);
			path = Extension;
			sourceTree = "<group>";
		};
		9C61E30120C4DC7900908D95 /* Presenter */ = {
			isa = PBXGroup;
			children = (
				9C61E30220C4DC8E00908D95 /* HistoryPresenter.swift */,
			);
			path = Presenter;
			sourceTree = "<group>";
		};
		9C61E30A20C4E2F800908D95 /* DesignTableView */ = {
			isa = PBXGroup;
			children = (
				9C61E30B20C4E32C00908D95 /* DesignTableViewCell.swift */,
			);
			path = DesignTableView;
			sourceTree = "<group>";
		};
		9C61E30F20C5221C00908D95 /* CreateTransfer */ = {
			isa = PBXGroup;
			children = (
				9C12D4BD2122BA4900F91CB5 /* Model */,
				9C61E31220C5223600908D95 /* Router */,
				9C61E31120C5223000908D95 /* Presenter */,
				9C61E31020C5222B00908D95 /* VC */,
				9C61E31520C549F400908D95 /* CreateTransfer.storyboard */,
			);
			path = CreateTransfer;
			sourceTree = "<group>";
		};
		9C61E31020C5222B00908D95 /* VC */ = {
			isa = PBXGroup;
			children = (
				9C61E31320C5224900908D95 /* CreateTransferVC.swift */,
				9CC86A9421204F73000B2356 /* ExtensionCreateTransfer.swift */,
			);
			path = VC;
			sourceTree = "<group>";
		};
		9C61E31120C5223000908D95 /* Presenter */ = {
			isa = PBXGroup;
			children = (
				9C27FA8420CD2AFE000257EE /* CreateTransferPresenter.swift */,
			);
			path = Presenter;
			sourceTree = "<group>";
		};
		9C61E31220C5223600908D95 /* Router */ = {
			isa = PBXGroup;
			children = (
				9C27FA8620CD2BB1000257EE /* CreateTransferRouter.swift */,
			);
			path = Router;
			sourceTree = "<group>";
		};
		9C61E31720C5529A00908D95 /* SplashScreen */ = {
			isa = PBXGroup;
			children = (
				9C61E31A20C5532F00908D95 /* SplashScreen.swift */,
				9C61E31C20C555FD00908D95 /* SplashScreen.storyboard */,
				9C61E31E20C5566800908D95 /* SplashScreenPresenter.swift */,
			);
			path = SplashScreen;
			sourceTree = "<group>";
		};
		AF99E595345A636BB62706A8 /* Frameworks */ = {
			isa = PBXGroup;
			children = (
				F65724595505FE7CFE304B85 /* Pods_SavingMoney.framework */,
			);
			name = Frameworks;
			sourceTree = "<group>";
		};
/* End PBXGroup section */

/* Begin PBXNativeTarget section */
		9C5E8FC920C13C86004BFC63 /* SavingMoney */ = {
			isa = PBXNativeTarget;
			buildConfigurationList = 9C5E8FDC20C13C86004BFC63 /* Build configuration list for PBXNativeTarget "SavingMoney" */;
			buildPhases = (
				DC0213D8A06962E2DAB94FCE /* [CP] Check Pods Manifest.lock */,
				9C5E8FC620C13C86004BFC63 /* Sources */,
				9C5E8FC720C13C86004BFC63 /* Frameworks */,
				9C5E8FC820C13C86004BFC63 /* Resources */,
				C7BF6BDC39A3493381B2E97A /* [CP] Embed Pods Frameworks */,
			);
			buildRules = (
			);
			dependencies = (
			);
			name = SavingMoney;
			productName = SavingMoney;
			productReference = 9C5E8FCA20C13C86004BFC63 /* SavingMoney.app */;
			productType = "com.apple.product-type.application";
		};
/* End PBXNativeTarget section */

/* Begin PBXProject section */
		9C5E8FC220C13C86004BFC63 /* Project object */ = {
			isa = PBXProject;
			attributes = {
				LastSwiftUpdateCheck = 0920;
				LastUpgradeCheck = 0920;
				ORGANIZATIONNAME = chayarak;
				TargetAttributes = {
					9C5E8FC920C13C86004BFC63 = {
						CreatedOnToolsVersion = 9.2;
						ProvisioningStyle = Automatic;
					};
				};
			};
			buildConfigurationList = 9C5E8FC520C13C86004BFC63 /* Build configuration list for PBXProject "SavingMoney" */;
			compatibilityVersion = "Xcode 8.0";
			developmentRegion = en;
			hasScannedForEncodings = 0;
			knownRegions = (
				en,
				Base,
			);
			mainGroup = 9C5E8FC120C13C86004BFC63;
			productRefGroup = 9C5E8FCB20C13C86004BFC63 /* Products */;
			projectDirPath = "";
			projectRoot = "";
			targets = (
				9C5E8FC920C13C86004BFC63 /* SavingMoney */,
			);
		};
/* End PBXProject section */

/* Begin PBXResourcesBuildPhase section */
		9C5E8FC820C13C86004BFC63 /* Resources */ = {
			isa = PBXResourcesBuildPhase;
			buildActionMask = 2147483647;
			files = (
				9C1466A22121AD040006C3E7 /* Slip.storyboard in Resources */,
				9C0EFD4C20C599DC00C556D7 /* Kanit-ExtraLight.ttf in Resources */,
				9C5E8FD820C13C86004BFC63 /* LaunchScreen.storyboard in Resources */,
				9C61E31D20C555FD00908D95 /* SplashScreen.storyboard in Resources */,
				9C0EFD4E20C599DC00C556D7 /* Kanit-BoldItalic.ttf in Resources */,
				9C0EFD5320C599DC00C556D7 /* Kanit-MediumItalic.ttf in Resources */,
				9C0EFD5E20C599DC00C556D7 /* Kanit-Medium.ttf in Resources */,
				9C0EFD4D20C599DC00C556D7 /* Kanit-ThinItalic.ttf in Resources */,
				9C005DEE211C29520039DBA7 /* GoogleService-Info.plist in Resources */,
				9C0EFD5120C599DC00C556D7 /* Kanit-Regular.ttf in Resources */,
				9C0EFD5220C599DC00C556D7 /* Kanit-Italic.ttf in Resources */,
				9C0EFD5A20C599DC00C556D7 /* Kanit-BlackItalic.ttf in Resources */,
				9C0EFD5C20C599DC00C556D7 /* Kanit-LightItalic.ttf in Resources */,
				9C5E8FD520C13C86004BFC63 /* Assets.xcassets in Resources */,
				9C5E900520C15A6E004BFC63 /* LoadingXibView.xib in Resources */,
				9C0EFD5D20C599DC00C556D7 /* Kanit-ExtraLightItalic.ttf in Resources */,
				9C0EFD5820C599DC00C556D7 /* Kanit-SemiBoldItalic.ttf in Resources */,
				9C0EFD5B20C599DC00C556D7 /* Kanit-Light.ttf in Resources */,
				9C0EFD5920C599DC00C556D7 /* OFL.txt in Resources */,
				9C61E31620C549F400908D95 /* CreateTransfer.storyboard in Resources */,
				9C0EFD4F20C599DC00C556D7 /* Kanit-SemiBold.ttf in Resources */,
				9C08F48620C1A1C4007E931B /* Transfer.storyboard in Resources */,
				9C5E8FEF20C15348004BFC63 /* History.storyboard in Resources */,
				9C0EFD5720C599DC00C556D7 /* Kanit-Bold.ttf in Resources */,
				9C0EFD5020C599DC00C556D7 /* Kanit-Black.ttf in Resources */,
				9CC86A9321204C1A000B2356 /* SubmitButtonKeyboardView.xib in Resources */,
				9C0EFD5620C599DC00C556D7 /* Kanit-ExtraBold.ttf in Resources */,
				9C0EFD5520C599DC00C556D7 /* Kanit-ExtraBoldItalic.ttf in Resources */,
				9C5E8FD320C13C86004BFC63 /* StartApp.storyboard in Resources */,
				9C0EFD5420C599DC00C556D7 /* Kanit-Thin.ttf in Resources */,
			);
			runOnlyForDeploymentPostprocessing = 0;
		};
/* End PBXResourcesBuildPhase section */

/* Begin PBXShellScriptBuildPhase section */
		C7BF6BDC39A3493381B2E97A /* [CP] Embed Pods Frameworks */ = {
			isa = PBXShellScriptBuildPhase;
			buildActionMask = 2147483647;
			files = (
			);
			inputPaths = (
				"${SRCROOT}/Pods/Target Support Files/Pods-SavingMoney/Pods-SavingMoney-frameworks.sh",
				"${BUILT_PRODUCTS_DIR}/Alamofire/Alamofire.framework",
				"${BUILT_PRODUCTS_DIR}/AlamofireImage/AlamofireImage.framework",
				"${BUILT_PRODUCTS_DIR}/AlamofireObjectMapper/AlamofireObjectMapper.framework",
				"${BUILT_PRODUCTS_DIR}/BoringSSL/openssl.framework",
				"${BUILT_PRODUCTS_DIR}/Charts/Charts.framework",
				"${BUILT_PRODUCTS_DIR}/GTMSessionFetcher/GTMSessionFetcher.framework",
				"${BUILT_PRODUCTS_DIR}/GoogleToolboxForMac/GoogleToolboxForMac.framework",
				"${BUILT_PRODUCTS_DIR}/ObjectMapper/ObjectMapper.framework",
				"${BUILT_PRODUCTS_DIR}/Protobuf/Protobuf.framework",
				"${BUILT_PRODUCTS_DIR}/RxAlamofire/RxAlamofire.framework",
				"${BUILT_PRODUCTS_DIR}/RxCocoa/RxCocoa.framework",
				"${BUILT_PRODUCTS_DIR}/RxSwift/RxSwift.framework",
				"${BUILT_PRODUCTS_DIR}/gRPC/GRPCClient.framework",
				"${BUILT_PRODUCTS_DIR}/gRPC-Core/grpc.framework",
				"${BUILT_PRODUCTS_DIR}/gRPC-ProtoRPC/ProtoRPC.framework",
				"${BUILT_PRODUCTS_DIR}/gRPC-RxLibrary/RxLibrary.framework",
				"${BUILT_PRODUCTS_DIR}/leveldb-library/leveldb.framework",
				"${BUILT_PRODUCTS_DIR}/nanopb/nanopb.framework",
			);
			name = "[CP] Embed Pods Frameworks";
			outputPaths = (
				"${TARGET_BUILD_DIR}/${FRAMEWORKS_FOLDER_PATH}/Alamofire.framework",
				"${TARGET_BUILD_DIR}/${FRAMEWORKS_FOLDER_PATH}/AlamofireImage.framework",
				"${TARGET_BUILD_DIR}/${FRAMEWORKS_FOLDER_PATH}/AlamofireObjectMapper.framework",
				"${TARGET_BUILD_DIR}/${FRAMEWORKS_FOLDER_PATH}/openssl.framework",
				"${TARGET_BUILD_DIR}/${FRAMEWORKS_FOLDER_PATH}/Charts.framework",
				"${TARGET_BUILD_DIR}/${FRAMEWORKS_FOLDER_PATH}/GTMSessionFetcher.framework",
				"${TARGET_BUILD_DIR}/${FRAMEWORKS_FOLDER_PATH}/GoogleToolboxForMac.framework",
				"${TARGET_BUILD_DIR}/${FRAMEWORKS_FOLDER_PATH}/ObjectMapper.framework",
				"${TARGET_BUILD_DIR}/${FRAMEWORKS_FOLDER_PATH}/Protobuf.framework",
				"${TARGET_BUILD_DIR}/${FRAMEWORKS_FOLDER_PATH}/RxAlamofire.framework",
				"${TARGET_BUILD_DIR}/${FRAMEWORKS_FOLDER_PATH}/RxCocoa.framework",
				"${TARGET_BUILD_DIR}/${FRAMEWORKS_FOLDER_PATH}/RxSwift.framework",
				"${TARGET_BUILD_DIR}/${FRAMEWORKS_FOLDER_PATH}/GRPCClient.framework",
				"${TARGET_BUILD_DIR}/${FRAMEWORKS_FOLDER_PATH}/grpc.framework",
				"${TARGET_BUILD_DIR}/${FRAMEWORKS_FOLDER_PATH}/ProtoRPC.framework",
				"${TARGET_BUILD_DIR}/${FRAMEWORKS_FOLDER_PATH}/RxLibrary.framework",
				"${TARGET_BUILD_DIR}/${FRAMEWORKS_FOLDER_PATH}/leveldb.framework",
				"${TARGET_BUILD_DIR}/${FRAMEWORKS_FOLDER_PATH}/nanopb.framework",
			);
			runOnlyForDeploymentPostprocessing = 0;
			shellPath = /bin/sh;
			shellScript = "\"${SRCROOT}/Pods/Target Support Files/Pods-SavingMoney/Pods-SavingMoney-frameworks.sh\"\n";
			showEnvVarsInLog = 0;
		};
		DC0213D8A06962E2DAB94FCE /* [CP] Check Pods Manifest.lock */ = {
			isa = PBXShellScriptBuildPhase;
			buildActionMask = 2147483647;
			files = (
			);
			inputPaths = (
				"${PODS_PODFILE_DIR_PATH}/Podfile.lock",
				"${PODS_ROOT}/Manifest.lock",
			);
			name = "[CP] Check Pods Manifest.lock";
			outputPaths = (
				"$(DERIVED_FILE_DIR)/Pods-SavingMoney-checkManifestLockResult.txt",
			);
			runOnlyForDeploymentPostprocessing = 0;
			shellPath = /bin/sh;
			shellScript = "diff \"${PODS_PODFILE_DIR_PATH}/Podfile.lock\" \"${PODS_ROOT}/Manifest.lock\" > /dev/null\nif [ $? != 0 ] ; then\n    # print error to STDERR\n    echo \"error: The sandbox is not in sync with the Podfile.lock. Run 'pod install' or update your CocoaPods installation.\" >&2\n    exit 1\nfi\n# This output is used by Xcode 'outputs' to avoid re-running this script phase.\necho \"SUCCESS\" > \"${SCRIPT_OUTPUT_FILE_0}\"\n";
			showEnvVarsInLog = 0;
		};
/* End PBXShellScriptBuildPhase section */

/* Begin PBXSourcesBuildPhase section */
		9C5E8FC620C13C86004BFC63 /* Sources */ = {
			isa = PBXSourcesBuildPhase;
			buildActionMask = 2147483647;
			files = (
				9C5E8FFA20C154EE004BFC63 /* Alert.swift in Sources */,
				9C61E30C20C4E32C00908D95 /* DesignTableViewCell.swift in Sources */,
				9C08F48F20C1A45C007E931B /* StartAppRouter.swift in Sources */,
				9CC86A8D211EF5C1000B2356 /* CornerUiView.swift in Sources */,
				9C04BDBA20C175DD00071802 /* BasePresenter.swift in Sources */,
				9C5E8FFF20C1556A004BFC63 /* Font.swift in Sources */,
				9C5E8FD020C13C86004BFC63 /* StartApp.swift in Sources */,
				9C5E8FF320C1542C004BFC63 /* BaseClass.swift in Sources */,
				9C5E8FFD20C1553B004BFC63 /* UiApplication.swift in Sources */,
				9C04BDB820C1756B00071802 /* StartAppPresenter.swift in Sources */,
				9C27FA8520CD2AFE000257EE /* CreateTransferPresenter.swift in Sources */,
				9C61E31B20C5532F00908D95 /* SplashScreen.swift in Sources */,
				9C04BDBE20C177D500071802 /* BaseRouter.swift in Sources */,
				9C08F48B20C1A1FB007E931B /* TransferVC.swift in Sources */,
				9C12D4BF2122BA5D00F91CB5 /* InsertModel.swift in Sources */,
				9C61E31420C5224900908D95 /* CreateTransferVC.swift in Sources */,
				9C07BEF921231F1F00EB1995 /* ExtensionPresenter.swift in Sources */,
				9C08F48D20C1A24F007E931B /* TransferPresenter.swift in Sources */,
				9C61E31F20C5566800908D95 /* SplashScreenPresenter.swift in Sources */,
				9C5E8FF120C1538A004BFC63 /* HistoryVC.swift in Sources */,
				9C5E8FE020C148B7004BFC63 /* CornerView.swift in Sources */,
				9CC86A9121204C12000B2356 /* SubmitButtonView.swift in Sources */,
				9C1466A42121AD120006C3E7 /* SlipVC.swift in Sources */,
				9C04BDBC20C176C900071802 /* ScreenError.swift in Sources */,
				9CC86A9521204F73000B2356 /* ExtensionCreateTransfer.swift in Sources */,
				9CC86A8F211F2F15000B2356 /* Color.swift in Sources */,
				9C5E900720C15AB5004BFC63 /* LoadingXibView.swift in Sources */,
				9C61E30920C4E1BF00908D95 /* ListTransferCell.swift in Sources */,
				9C61E30320C4DC8E00908D95 /* HistoryPresenter.swift in Sources */,
				9C5E900120C1558B004BFC63 /* VC.swift in Sources */,
				9C5E8FF820C154C1004BFC63 /* BaseXibView.swift in Sources */,
				9C14669C2121400D0006C3E7 /* DateFormatComponent.swift in Sources */,
				9C5E8FE420C14ED8004BFC63 /* CornerButton.swift in Sources */,
				9C61E30E20C4E6F000908D95 /* GetImageTransferVC.swift in Sources */,
				9C27FA8720CD2BB1000257EE /* CreateTransferRouter.swift in Sources */,
				9C07BEFC2123211C00EB1995 /* HistoetModel.swift in Sources */,
				9C5E8FCE20C13C86004BFC63 /* AppDelegate.swift in Sources */,
				9C61E30520C4DEC600908D95 /* TransferRouter.swift in Sources */,
				9C61E30720C4DF2500908D95 /* HistoryRouter.swift in Sources */,
			);
			runOnlyForDeploymentPostprocessing = 0;
		};
/* End PBXSourcesBuildPhase section */

/* Begin PBXVariantGroup section */
		9C5E8FD120C13C86004BFC63 /* StartApp.storyboard */ = {
			isa = PBXVariantGroup;
			children = (
				9C5E8FD220C13C86004BFC63 /* Base */,
			);
			name = StartApp.storyboard;
			sourceTree = "<group>";
		};
		9C5E8FD620C13C86004BFC63 /* LaunchScreen.storyboard */ = {
			isa = PBXVariantGroup;
			children = (
				9C5E8FD720C13C86004BFC63 /* Base */,
			);
			name = LaunchScreen.storyboard;
			sourceTree = "<group>";
		};
/* End PBXVariantGroup section */

/* Begin XCBuildConfiguration section */
		9C5E8FDA20C13C86004BFC63 /* Debug */ = {
			isa = XCBuildConfiguration;
			buildSettings = {
				ALWAYS_SEARCH_USER_PATHS = NO;
				CLANG_ANALYZER_NONNULL = YES;
				CLANG_ANALYZER_NUMBER_OBJECT_CONVERSION = YES_AGGRESSIVE;
				CLANG_CXX_LANGUAGE_STANDARD = "gnu++14";
				CLANG_CXX_LIBRARY = "libc++";
				CLANG_ENABLE_MODULES = YES;
				CLANG_ENABLE_OBJC_ARC = YES;
				CLANG_WARN_BLOCK_CAPTURE_AUTORELEASING = YES;
				CLANG_WARN_BOOL_CONVERSION = YES;
				CLANG_WARN_COMMA = YES;
				CLANG_WARN_CONSTANT_CONVERSION = YES;
				CLANG_WARN_DIRECT_OBJC_ISA_USAGE = YES_ERROR;
				CLANG_WARN_DOCUMENTATION_COMMENTS = YES;
				CLANG_WARN_EMPTY_BODY = YES;
				CLANG_WARN_ENUM_CONVERSION = YES;
				CLANG_WARN_INFINITE_RECURSION = YES;
				CLANG_WARN_INT_CONVERSION = YES;
				CLANG_WARN_NON_LITERAL_NULL_CONVERSION = YES;
				CLANG_WARN_OBJC_LITERAL_CONVERSION = YES;
				CLANG_WARN_OBJC_ROOT_CLASS = YES_ERROR;
				CLANG_WARN_RANGE_LOOP_ANALYSIS = YES;
				CLANG_WARN_STRICT_PROTOTYPES = YES;
				CLANG_WARN_SUSPICIOUS_MOVE = YES;
				CLANG_WARN_UNGUARDED_AVAILABILITY = YES_AGGRESSIVE;
				CLANG_WARN_UNREACHABLE_CODE = YES;
				CLANG_WARN__DUPLICATE_METHOD_MATCH = YES;
				CODE_SIGN_IDENTITY = "iPhone Developer";
				COPY_PHASE_STRIP = NO;
				DEBUG_INFORMATION_FORMAT = dwarf;
				ENABLE_STRICT_OBJC_MSGSEND = YES;
				ENABLE_TESTABILITY = YES;
				GCC_C_LANGUAGE_STANDARD = gnu11;
				GCC_DYNAMIC_NO_PIC = NO;
				GCC_NO_COMMON_BLOCKS = YES;
				GCC_OPTIMIZATION_LEVEL = 0;
				GCC_PREPROCESSOR_DEFINITIONS = (
					"DEBUG=1",
					"$(inherited)",
				);
				GCC_WARN_64_TO_32_BIT_CONVERSION = YES;
				GCC_WARN_ABOUT_RETURN_TYPE = YES_ERROR;
				GCC_WARN_UNDECLARED_SELECTOR = YES;
				GCC_WARN_UNINITIALIZED_AUTOS = YES_AGGRESSIVE;
				GCC_WARN_UNUSED_FUNCTION = YES;
				GCC_WARN_UNUSED_VARIABLE = YES;
				IPHONEOS_DEPLOYMENT_TARGET = 11.2;
				MTL_ENABLE_DEBUG_INFO = YES;
				ONLY_ACTIVE_ARCH = YES;
				SDKROOT = iphoneos;
				SWIFT_ACTIVE_COMPILATION_CONDITIONS = DEBUG;
				SWIFT_OPTIMIZATION_LEVEL = "-Onone";
			};
			name = Debug;
		};
		9C5E8FDB20C13C86004BFC63 /* Release */ = {
			isa = XCBuildConfiguration;
			buildSettings = {
				ALWAYS_SEARCH_USER_PATHS = NO;
				CLANG_ANALYZER_NONNULL = YES;
				CLANG_ANALYZER_NUMBER_OBJECT_CONVERSION = YES_AGGRESSIVE;
				CLANG_CXX_LANGUAGE_STANDARD = "gnu++14";
				CLANG_CXX_LIBRARY = "libc++";
				CLANG_ENABLE_MODULES = YES;
				CLANG_ENABLE_OBJC_ARC = YES;
				CLANG_WARN_BLOCK_CAPTURE_AUTORELEASING = YES;
				CLANG_WARN_BOOL_CONVERSION = YES;
				CLANG_WARN_COMMA = YES;
				CLANG_WARN_CONSTANT_CONVERSION = YES;
				CLANG_WARN_DIRECT_OBJC_ISA_USAGE = YES_ERROR;
				CLANG_WARN_DOCUMENTATION_COMMENTS = YES;
				CLANG_WARN_EMPTY_BODY = YES;
				CLANG_WARN_ENUM_CONVERSION = YES;
				CLANG_WARN_INFINITE_RECURSION = YES;
				CLANG_WARN_INT_CONVERSION = YES;
				CLANG_WARN_NON_LITERAL_NULL_CONVERSION = YES;
				CLANG_WARN_OBJC_LITERAL_CONVERSION = YES;
				CLANG_WARN_OBJC_ROOT_CLASS = YES_ERROR;
				CLANG_WARN_RANGE_LOOP_ANALYSIS = YES;
				CLANG_WARN_STRICT_PROTOTYPES = YES;
				CLANG_WARN_SUSPICIOUS_MOVE = YES;
				CLANG_WARN_UNGUARDED_AVAILABILITY = YES_AGGRESSIVE;
				CLANG_WARN_UNREACHABLE_CODE = YES;
				CLANG_WARN__DUPLICATE_METHOD_MATCH = YES;
				CODE_SIGN_IDENTITY = "iPhone Developer";
				COPY_PHASE_STRIP = NO;
				DEBUG_INFORMATION_FORMAT = "dwarf-with-dsym";
				ENABLE_NS_ASSERTIONS = NO;
				ENABLE_STRICT_OBJC_MSGSEND = YES;
				GCC_C_LANGUAGE_STANDARD = gnu11;
				GCC_NO_COMMON_BLOCKS = YES;
				GCC_WARN_64_TO_32_BIT_CONVERSION = YES;
				GCC_WARN_ABOUT_RETURN_TYPE = YES_ERROR;
				GCC_WARN_UNDECLARED_SELECTOR = YES;
				GCC_WARN_UNINITIALIZED_AUTOS = YES_AGGRESSIVE;
				GCC_WARN_UNUSED_FUNCTION = YES;
				GCC_WARN_UNUSED_VARIABLE = YES;
				IPHONEOS_DEPLOYMENT_TARGET = 11.2;
				MTL_ENABLE_DEBUG_INFO = NO;
				SDKROOT = iphoneos;
				SWIFT_OPTIMIZATION_LEVEL = "-Owholemodule";
				VALIDATE_PRODUCT = YES;
			};
			name = Release;
		};
		9C5E8FDD20C13C86004BFC63 /* Debug */ = {
			isa = XCBuildConfiguration;
			baseConfigurationReference = 738D03E4C1DCF568B725E039 /* Pods-SavingMoney.debug.xcconfig */;
			buildSettings = {
				ASSETCATALOG_COMPILER_APPICON_NAME = AppIcon;
				CODE_SIGN_STYLE = Automatic;
				DEVELOPMENT_TEAM = 6D29GP635V;
				INFOPLIST_FILE = SavingMoney/Info.plist;
				IPHONEOS_DEPLOYMENT_TARGET = 10.3;
				LD_RUNPATH_SEARCH_PATHS = "$(inherited) @executable_path/Frameworks";
				PRODUCT_BUNDLE_IDENTIFIER = com.example.SavingMoney;
				PRODUCT_NAME = "$(TARGET_NAME)";
				SWIFT_VERSION = 4.0;
				TARGETED_DEVICE_FAMILY = "1,2";
			};
			name = Debug;
		};
		9C5E8FDE20C13C86004BFC63 /* Release */ = {
			isa = XCBuildConfiguration;
			baseConfigurationReference = 741668BB3016416278A2693E /* Pods-SavingMoney.release.xcconfig */;
			buildSettings = {
				ASSETCATALOG_COMPILER_APPICON_NAME = AppIcon;
				CODE_SIGN_STYLE = Automatic;
				DEVELOPMENT_TEAM = 6D29GP635V;
				INFOPLIST_FILE = SavingMoney/Info.plist;
				IPHONEOS_DEPLOYMENT_TARGET = 10.3;
				LD_RUNPATH_SEARCH_PATHS = "$(inherited) @executable_path/Frameworks";
				PRODUCT_BUNDLE_IDENTIFIER = com.example.SavingMoney;
				PRODUCT_NAME = "$(TARGET_NAME)";
				SWIFT_VERSION = 4.0;
				TARGETED_DEVICE_FAMILY = "1,2";
			};
			name = Release;
		};
/* End XCBuildConfiguration section */

/* Begin XCConfigurationList section */
		9C5E8FC520C13C86004BFC63 /* Build configuration list for PBXProject "SavingMoney" */ = {
			isa = XCConfigurationList;
			buildConfigurations = (
				9C5E8FDA20C13C86004BFC63 /* Debug */,
				9C5E8FDB20C13C86004BFC63 /* Release */,
			);
			defaultConfigurationIsVisible = 0;
			defaultConfigurationName = Release;
		};
		9C5E8FDC20C13C86004BFC63 /* Build configuration list for PBXNativeTarget "SavingMoney" */ = {
			isa = XCConfigurationList;
			buildConfigurations = (
				9C5E8FDD20C13C86004BFC63 /* Debug */,
				9C5E8FDE20C13C86004BFC63 /* Release */,
			);
			defaultConfigurationIsVisible = 0;
			defaultConfigurationName = Release;
		};
/* End XCConfigurationList section */
	};
	rootObject = 9C5E8FC220C13C86004BFC63 /* Project object */;
}
